
Microsoft Visual Studio Solution File, Format Version 12.00
# Visual Studio 2013
VisualStudioVersion = 12.0.31101.0
MinimumVisualStudioVersion = 10.0.40219.1
Project("{2150E333-8FDC-42A3-9474-1A3956D46DE8}") = "Models", "Models", "{5DA720DE-7CE7-4291-803B-97141819F727}"
EndProject
Project("{FAE04EC0-301F-11D3-BF4B-00C04F79EFBC}") = "LibraryModels", "LibraryModels\LibraryModels.csproj", "{9B6A9347-615D-400F-B544-97C22111B8FD}"
EndProject
Project("{2150E333-8FDC-42A3-9474-1A3956D46DE8}") = "Views", "Views", "{55358375-E97F-462D-98C3-682FE50F5A21}"
EndProject
Project("{FAE04EC0-301F-11D3-BF4B-00C04F79EFBC}") = "LibraryViews", "LibraryViews\LibraryViews.csproj", "{5C42B9D7-F6A0-4559-8152-E1BCF873C33B}"
EndProject
Project("{2150E333-8FDC-42A3-9474-1A3956D46DE8}") = "Controllers", "Controllers", "{E33D7993-B508-40AF-A8C0-F139A7BF6E4E}"
EndProject
Project("{FAE04EC0-301F-11D3-BF4B-00C04F79EFBC}") = "LibraryControllers", "LibraryControllers\LibraryControllers.csproj", "{3427BEE1-4A21-412C-AECD-7D35A0376E33}"
EndProject
Global
	GlobalSection(SolutionConfigurationPlatforms) = preSolution
		Debug|Any CPU = Debug|Any CPU
		Release|Any CPU = Release|Any CPU
	EndGlobalSection
	GlobalSection(ProjectConfigurationPlatforms) = postSolution
		{9B6A9347-615D-400F-B544-97C22111B8FD}.Debug|Any CPU.ActiveCfg = Debug|Any CPU
		{9B6A9347-615D-400F-B544-97C22111B8FD}.Debug|Any CPU.Build.0 = Debug|Any CPU
		{9B6A9347-615D-400F-B544-97C22111B8FD}.Release|Any CPU.ActiveCfg = Release|Any CPU
		{9B6A9347-615D-400F-B544-97C22111B8FD}.Release|Any CPU.Build.0 = Release|Any CPU
		{5C42B9D7-F6A0-4559-8152-E1BCF873C33B}.Debug|Any CPU.ActiveCfg = Debug|Any CPU
		{5C42B9D7-F6A0-4559-8152-E1BCF873C33B}.Debug|Any CPU.Build.0 = Debug|Any CPU
		{5C42B9D7-F6A0-4559-8152-E1BCF873C33B}.Release|Any CPU.ActiveCfg = Release|Any CPU
		{5C42B9D7-F6A0-4559-8152-E1BCF873C33B}.Release|Any CPU.Build.0 = Release|Any CPU
		{3427BEE1-4A21-412C-AECD-7D35A0376E33}.Debug|Any CPU.ActiveCfg = Debug|Any CPU
		{3427BEE1-4A21-412C-AECD-7D35A0376E33}.Debug|Any CPU.Build.0 = Debug|Any CPU
		{3427BEE1-4A21-412C-AECD-7D35A0376E33}.Release|Any CPU.ActiveCfg = Release|Any CPU
		{3427BEE1-4A21-412C-AECD-7D35A0376E33}.Release|Any CPU.Build.0 = Release|Any CPU
	EndGlobalSection
	GlobalSection(SolutionProperties) = preSolution
		HideSolutionNode = FALSE
	EndGlobalSection
	GlobalSection(NestedProjects) = preSolution
		{9B6A9347-615D-400F-B544-97C22111B8FD} = {5DA720DE-7CE7-4291-803B-97141819F727}
		{5C42B9D7-F6A0-4559-8152-E1BCF873C33B} = {55358375-E97F-462D-98C3-682FE50F5A21}
		{3427BEE1-4A21-412C-AECD-7D35A0376E33} = {E33D7993-B508-40AF-A8C0-F139A7BF6E4E}
	EndGlobalSection
EndGlobal
